
Microsoft Visual Studio Solution File, Format Version 12.00
# Visual Studio Version 16
VisualStudioVersion = 16.0.30011.22
MinimumVisualStudioVersion = 10.0.40219.1
Project("{FAE04EC0-301F-11D3-BF4B-00C04F79EFBC}") = "makeITeasy.LayoutLibrary.WebApplication", "src\makeITeasy.LayoutLibrary.WebApplication\makeITeasy.LayoutLibrary.WebApplication.csproj", "{F446B5CC-5D49-4177-8EBB-41FE74B06A15}"
EndProject
Project("{FAE04EC0-301F-11D3-BF4B-00C04F79EFBC}") = "makeITeasy.LayoutLibrary.Template", "src\makeITeasy.LayoutLibrary.Template\makeITeasy.LayoutLibrary.Template.csproj", "{8AB7A6CC-8ADC-4828-8241-8ECA8A1CD212}"
EndProject
Global
	GlobalSection(SolutionConfigurationPlatforms) = preSolution
		Debug|Any CPU = Debug|Any CPU
		Release|Any CPU = Release|Any CPU
	EndGlobalSection
	GlobalSection(ProjectConfigurationPlatforms) = postSolution
		{F446B5CC-5D49-4177-8EBB-41FE74B06A15}.Debug|Any CPU.ActiveCfg = Debug|Any CPU
		{F446B5CC-5D49-4177-8EBB-41FE74B06A15}.Debug|Any CPU.Build.0 = Debug|Any CPU
		{F446B5CC-5D49-4177-8EBB-41FE74B06A15}.Release|Any CPU.ActiveCfg = Release|Any CPU
		{F446B5CC-5D49-4177-8EBB-41FE74B06A15}.Release|Any CPU.Build.0 = Release|Any CPU
		{8AB7A6CC-8ADC-4828-8241-8ECA8A1CD212}.Debug|Any CPU.ActiveCfg = Debug|Any CPU
		{8AB7A6CC-8ADC-4828-8241-8ECA8A1CD212}.Debug|Any CPU.Build.0 = Debug|Any CPU
		{8AB7A6CC-8ADC-4828-8241-8ECA8A1CD212}.Release|Any CPU.ActiveCfg = Release|Any CPU
		{8AB7A6CC-8ADC-4828-8241-8ECA8A1CD212}.Release|Any CPU.Build.0 = Release|Any CPU
	EndGlobalSection
	GlobalSection(SolutionProperties) = preSolution
		HideSolutionNode = FALSE
	EndGlobalSection
	GlobalSection(ExtensibilityGlobals) = postSolution
		SolutionGuid = {77B3103D-C71E-4CB0-8496-4153DAF06F44}
	EndGlobalSection
EndGlobal
